<?xml version="1.0" encoding="UTF-8"?>
<Solution>
	<Configurations>
		<BuildType Name="Debug"/>
		<BuildType Name="Release"/>
		<BuildType Name="MinSizeRel"/>
		<BuildType Name="RelWithDebInfo"/>
		<Platform Name="x64"/>
	</Configurations>
	<Project Path="ALL_BUILD.vcxproj" Type="8bc9ceb8-8b4a-11d0-8d11-00a0c91bc942" Id="dc6e6710-6c26-342b-9fe0-6f1c85042915" DefaultStartup="true">
		<BuildDependency Project="BLACK.vcxproj"/>
		<BuildDependency Project="ZERO_CHECK.vcxproj"/>
		<Build Solution="Debug|*" Project="false"/>
		<Build Solution="Release|*" Project="false"/>
		<Build Solution="MinSizeRel|*" Project="false"/>
		<Build Solution="RelWithDebInfo|*" Project="false"/>
	</Project>
	<Project Path="BLACK.vcxproj" Type="8bc9ceb8-8b4a-11d0-8d11-00a0c91bc942" Id="872d5ad4-72f4-32a3-bbe5-e6b74c8c011c">
		<BuildDependency Project="BLACK_autogen.vcxproj"/>
		<BuildDependency Project="BLACK_qmlimportscan.vcxproj"/>
		<BuildDependency Project="ZERO_CHECK.vcxproj"/>
	</Project>
	<Project Path="BLACK_autogen.vcxproj" Type="8bc9ceb8-8b4a-11d0-8d11-00a0c91bc942" Id="39dadb96-08d8-3eba-ade5-67613df9d6a0">
		<BuildDependency Project="BLACK_autogen_timestamp_deps.vcxproj"/>
		<BuildDependency Project="ZERO_CHECK.vcxproj"/>
	</Project>
	<Project Path="BLACK_autogen_timestamp_deps.vcxproj" Type="8bc9ceb8-8b4a-11d0-8d11-00a0c91bc942" Id="a4d9da95-c7de-3a73-867e-6c1606fb7bfb">
		<BuildDependency Project="BLACK_qmlimportscan.vcxproj"/>
		<BuildDependency Project="ZERO_CHECK.vcxproj"/>
	</Project>
	<Project Path="BLACK_qmlimportscan.vcxproj" Type="8bc9ceb8-8b4a-11d0-8d11-00a0c91bc942" Id="a6027248-86b5-3dfb-9890-0fe98e122081">
		<BuildDependency Project="ZERO_CHECK.vcxproj"/>
	</Project>
	<Project Path="ZERO_CHECK.vcxproj" Type="8bc9ceb8-8b4a-11d0-8d11-00a0c91bc942" Id="f49218c9-88e3-3d6e-a6b6-c00d4636a379"/>
</Solution>
