<?xml version="1.0" encoding="utf-8"?>
<Project ToolsVersion="18.0" xmlns="http://schemas.microsoft.com/developer/msbuild/2003">
  <ItemGroup>
    <CustomBuild Include="C:\Codes\BLACK\build-test2\CMakeFiles\b74b20d53f0b31c708e481140847fe9d\BLACK_build.cmake.rule">
      <Filter>CMake Rules</Filter>
    </CustomBuild>
    <CustomBuild Include="C:\Codes\BLACK\build-test2\CMakeFiles\624e3b2eead610176e73ab280db9b698\BLACK_qmlimportscan.rule">
      <Filter>CMake Rules</Filter>
    </CustomBuild>
    <CustomBuild Include="C:\Codes\BLACK\CMakeLists.txt" />
  </ItemGroup>
  <ItemGroup>
    <None Include="C:\Codes\BLACK\build-test2\CMakeFiles\BLACK_qmlimportscan" />
  </ItemGroup>
  <ItemGroup>
    <Filter Include="CMake Rules">
      <UniqueIdentifier>{4DBF91EB-1176-31BA-B5F0-D463DE3833D3}</UniqueIdentifier>
    </Filter>
  </ItemGroup>
</Project>
