<?xml version="1.0" encoding="utf-8"?>
<Project ToolsVersion="18.0" xmlns="http://schemas.microsoft.com/developer/msbuild/2003">
  <ItemGroup>
    <ClCompile Include="C:\Codes\BLACK\build-test2\BLACK_autogen\mocs_compilation_Debug.cpp">
      <Filter>Source Files</Filter>
    </ClCompile>
    <ClCompile Include="C:\Codes\BLACK\main.cpp">
      <Filter>Source Files</Filter>
    </ClCompile>
    <ClCompile Include="C:\Codes\BLACK\BrowserWindow.cpp">
      <Filter>Source Files</Filter>
    </ClCompile>
    <ClCompile Include="C:\Codes\BLACK\SafariWebView.cpp">
      <Filter>Source Files</Filter>
    </ClCompile>
    <ClCompile Include="C:\Codes\BLACK\SafariTheme.cpp">
      <Filter>Source Files</Filter>
    </ClCompile>
    <ClCompile Include="C:\Codes\BLACK\BrowserSettings.cpp">
      <Filter>Source Files</Filter>
    </ClCompile>
    <ClCompile Include="C:\Codes\BLACK\TrackerBlocker.cpp">
      <Filter>Source Files</Filter>
    </ClCompile>
    <ClCompile Include="C:\Codes\BLACK\build-test2\.qt\rcc\qrc_resources.cpp">
      <Filter>Source Files\Generated</Filter>
    </ClCompile>
    <ClCompile Include="C:\Codes\BLACK\build-test2\BLACK_autogen\mocs_compilation_Release.cpp">
      <Filter>Source Files</Filter>
    </ClCompile>
    <ClCompile Include="C:\Codes\BLACK\build-test2\BLACK_autogen\mocs_compilation_MinSizeRel.cpp">
      <Filter>Source Files</Filter>
    </ClCompile>
    <ClCompile Include="C:\Codes\BLACK\build-test2\BLACK_autogen\mocs_compilation_RelWithDebInfo.cpp">
      <Filter>Source Files</Filter>
    </ClCompile>
  </ItemGroup>
  <ItemGroup>
    <ClInclude Include="C:\Codes\BLACK\BrowserWindow.h">
      <Filter>Header Files</Filter>
    </ClInclude>
    <ClInclude Include="C:\Codes\BLACK\SafariWebView.h">
      <Filter>Header Files</Filter>
    </ClInclude>
    <ClInclude Include="C:\Codes\BLACK\SafariTheme.h">
      <Filter>Header Files</Filter>
    </ClInclude>
    <ClInclude Include="C:\Codes\BLACK\BrowserSettings.h">
      <Filter>Header Files</Filter>
    </ClInclude>
    <ClInclude Include="C:\Codes\BLACK\TrackerBlocker.h">
      <Filter>Header Files</Filter>
    </ClInclude>
    <ClInclude Include="C:\Codes\BLACK\build-test2\.qt\rcc\resources.qrc">
      <Filter>Source Files\Generated</Filter>
    </ClInclude>
    <ClInclude Include="C:\Codes\BLACK\startpage.html" />
    <ClInclude Include="C:\Codes\BLACK\settings.html" />
    <ClInclude Include="C:\Codes\BLACK\extensions.html" />
    <ClInclude Include="C:\Codes\BLACK\features.html" />
    <ClInclude Include="C:\Codes\BLACK\privacyreport.html" />
    <ClInclude Include="C:\Codes\BLACK\app.png">
      <Filter>Resources</Filter>
    </ClInclude>
  </ItemGroup>
  <ItemGroup>
    <CustomBuild Include="C:\Codes\BLACK\build-test2\CMakeFiles\9e61967aa7f019f034da9f7a9b814e72\qrc_resources.cpp.rule">
      <Filter>CMake Rules</Filter>
    </CustomBuild>
    <CustomBuild Include="C:\Codes\BLACK\CMakeLists.txt" />
  </ItemGroup>
  <ItemGroup>
    <None Include="C:\Codes\BLACK\timestamp_Debug" />
    <None Include="C:\Codes\BLACK\timestamp_Release" />
    <None Include="C:\Codes\BLACK\timestamp_MinSizeRel" />
    <None Include="C:\Codes\BLACK\timestamp_RelWithDebInfo" />
  </ItemGroup>
  <ItemGroup>
    <ResourceCompile Include="C:\Codes\BLACK\resources.rc">
      <Filter>Source Files</Filter>
    </ResourceCompile>
  </ItemGroup>
  <ItemGroup>
    <Filter Include="CMake Rules">
      <UniqueIdentifier>{4DBF91EB-1176-31BA-B5F0-D463DE3833D3}</UniqueIdentifier>
    </Filter>
    <Filter Include="Header Files">
      <UniqueIdentifier>{3B24EE8F-E6EB-39B5-82FC-533281AEA743}</UniqueIdentifier>
    </Filter>
    <Filter Include="Resources">
      <UniqueIdentifier>{CC0CDD26-0C0B-37D0-A4D8-2E20EA77396D}</UniqueIdentifier>
    </Filter>
    <Filter Include="Source Files">
      <UniqueIdentifier>{361EDFFB-F475-3C13-8402-AE6084176F23}</UniqueIdentifier>
    </Filter>
    <Filter Include="Source Files\Generated">
      <UniqueIdentifier>{AF53D149-E438-356A-BBA2-889168B6546A}</UniqueIdentifier>
    </Filter>
  </ItemGroup>
</Project>
