<?xml version="1.0" encoding="utf-8"?>
<Project ToolsVersion="18.0" xmlns="http://schemas.microsoft.com/developer/msbuild/2003">
  <ItemGroup>
    <CustomBuild Include="C:\Codes\BLACK\build-test2\CMakeFiles\624e3b2eead610176e73ab280db9b698\generate.stamp.rule">
      <Filter>CMake Rules</Filter>
    </CustomBuild>
  </ItemGroup>
  <ItemGroup>
    <Filter Include="CMake Rules">
      <UniqueIdentifier>{4DBF91EB-1176-31BA-B5F0-D463DE3833D3}</UniqueIdentifier>
    </Filter>
  </ItemGroup>
</Project>
